{
  "name": "09---use-password-generator-from-npm",
  "version": "1.0.0",
  "lockfileVersion": 3,
  "requires": true,
  "packages": {
    "": {
      "name": "09---use-password-generator-from-npm",
      "version": "1.0.0",
      "license": "ISC",
      "dependencies": {
        "password-generator-npm-deanst04": "^1.0.0"
      }
    },
    "node_modules/password-generator-npm-deanst04": {
      "version": "1.0.0",
      "resolved": "https://registry.npmjs.org/password-generator-npm-deanst04/-/password-generator-npm-deanst04-1.0.0.tgz",
      "integrity": "sha512-5XrT5hw8Fgdek/v+OUdLFFVxjhT6IJHKJnmlbl3eQ3yfSvVmDPn3NDMKwtvblJ5loTqAnQ9yFiVtUaUXUZ9AwA==",
      "license": "ISC"
    }
  }
}
